
Microsoft Visual Studio Solution File, Format Version 12.00
# Visual Studio Version 17
VisualStudioVersion = 17.3.32922.545
MinimumVisualStudioVersion = 10.0.40219.1
Project("{FAE04EC0-301F-11D3-BF4B-00C04F79EFBC}") = "WorldCreationIvan", "WorldCreationIvan.csproj", "{2E0BA237-AF71-4599-B2F1-F209F30C8A31}"
EndProject
Project("{FAE04EC0-301F-11D3-BF4B-00C04F79EFBC}") = "WorldCreationTests", "..\WorldCreationTests\WorldCreationTests.csproj", "{1CB69EA9-383E-4113-B9B7-40D340915183}"
EndProject
Global
	GlobalSection(SolutionConfigurationPlatforms) = preSolution
		Debug|Any CPU = Debug|Any CPU
		Release|Any CPU = Release|Any CPU
	EndGlobalSection
	GlobalSection(ProjectConfigurationPlatforms) = postSolution
		{2E0BA237-AF71-4599-B2F1-F209F30C8A31}.Debug|Any CPU.ActiveCfg = Debug|Any CPU
		{2E0BA237-AF71-4599-B2F1-F209F30C8A31}.Debug|Any CPU.Build.0 = Debug|Any CPU
		{2E0BA237-AF71-4599-B2F1-F209F30C8A31}.Release|Any CPU.ActiveCfg = Release|Any CPU
		{2E0BA237-AF71-4599-B2F1-F209F30C8A31}.Release|Any CPU.Build.0 = Release|Any CPU
		{1CB69EA9-383E-4113-B9B7-40D340915183}.Debug|Any CPU.ActiveCfg = Debug|Any CPU
		{1CB69EA9-383E-4113-B9B7-40D340915183}.Debug|Any CPU.Build.0 = Debug|Any CPU
		{1CB69EA9-383E-4113-B9B7-40D340915183}.Release|Any CPU.ActiveCfg = Release|Any CPU
		{1CB69EA9-383E-4113-B9B7-40D340915183}.Release|Any CPU.Build.0 = Release|Any CPU
	EndGlobalSection
	GlobalSection(SolutionProperties) = preSolution
		HideSolutionNode = FALSE
	EndGlobalSection
	GlobalSection(ExtensibilityGlobals) = postSolution
		SolutionGuid = {36486662-022B-4CF9-A12A-3ECCB55595E5}
	EndGlobalSection
EndGlobal
